// !$*UTF8*$!
{
	archiveVersion = 1;
	classes = {
	};
	objectVersion = 46;
	objects = {

/* Begin PBXBuildFile section */
		CC0E499D1CA544F600701D7F /* AppDelegate.swift in Sources */ = {isa = PBXBuildFile; fileRef = CC0E499C1CA544F600701D7F /* AppDelegate.swift */; };
		CC0E499F1CA544F600701D7F /* ViewController.swift in Sources */ = {isa = PBXBuildFile; fileRef = CC0E499E1CA544F600701D7F /* ViewController.swift */; };
		CC0E49A21CA544F600701D7F /* Main.storyboard in Resources */ = {isa = PBXBuildFile; fileRef = CC0E49A01CA544F600701D7F /* Main.storyboard */; };
		CC0E49A71CA544F600701D7F /* LaunchScreen.storyboard in Resources */ = {isa = PBXBuildFile; fileRef = CC0E49A51CA544F600701D7F /* LaunchScreen.storyboard */; };
		CC0E49B21CA544F600701D7F /* CarouselExampleTests.swift in Sources */ = {isa = PBXBuildFile; fileRef = CC0E49B11CA544F600701D7F /* CarouselExampleTests.swift */; };
		CC0E49BD1CA544F600701D7F /* CarouselExampleUITests.swift in Sources */ = {isa = PBXBuildFile; fileRef = CC0E49BC1CA544F600701D7F /* CarouselExampleUITests.swift */; };
		CC0E49D11CA5465900701D7F /* Carousel.framework in Frameworks */ = {isa = PBXBuildFile; fileRef = CC0E49CF1CA5465400701D7F /* Carousel.framework */; };
		CC0E49D21CA5465900701D7F /* Carousel.framework in Embed Frameworks */ = {isa = PBXBuildFile; fileRef = CC0E49CF1CA5465400701D7F /* Carousel.framework */; settings = {ATTRIBUTES = (CodeSignOnCopy, RemoveHeadersOnCopy, ); }; };
		CCBA85391CA57DDC004291AB /* Assets.xcassets in Resources */ = {isa = PBXBuildFile; fileRef = CCBA85381CA57DDC004291AB /* Assets.xcassets */; };
		CCBA853D1CA57F58004291AB /* Carousel.framework in Frameworks */ = {isa = PBXBuildFile; fileRef = CCBA853C1CA57F58004291AB /* Carousel.framework */; };
/* End PBXBuildFile section */

/* Begin PBXContainerItemProxy section */
		CC0E49AE1CA544F600701D7F /* PBXContainerItemProxy */ = {
			isa = PBXContainerItemProxy;
			containerPortal = CC0E49911CA544F600701D7F /* Project object */;
			proxyType = 1;
			remoteGlobalIDString = CC0E49981CA544F600701D7F;
			remoteInfo = CarouselExample;
		};
		CC0E49B91CA544F600701D7F /* PBXContainerItemProxy */ = {
			isa = PBXContainerItemProxy;
			containerPortal = CC0E49911CA544F600701D7F /* Project object */;
			proxyType = 1;
			remoteGlobalIDString = CC0E49981CA544F600701D7F;
			remoteInfo = CarouselExample;
		};
/* End PBXContainerItemProxy section */

/* Begin PBXCopyFilesBuildPhase section */
		CC0E49D31CA5465900701D7F /* Embed Frameworks */ = {
			isa = PBXCopyFilesBuildPhase;
			buildActionMask = 2147483647;
			dstPath = "";
			dstSubfolderSpec = 10;
			files = (
				CC0E49D21CA5465900701D7F /* Carousel.framework in Embed Frameworks */,
			);
			name = "Embed Frameworks";
			runOnlyForDeploymentPostprocessing = 0;
		};
/* End PBXCopyFilesBuildPhase section */

/* Begin PBXFileReference section */
		CC0E49991CA544F600701D7F /* CarouselExample.app */ = {isa = PBXFileReference; explicitFileType = wrapper.application; includeInIndex = 0; path = CarouselExample.app; sourceTree = BUILT_PRODUCTS_DIR; };
		CC0E499C1CA544F600701D7F /* AppDelegate.swift */ = {isa = PBXFileReference; lastKnownFileType = sourcecode.swift; path = AppDelegate.swift; sourceTree = "<group>"; };
		CC0E499E1CA544F600701D7F /* ViewController.swift */ = {isa = PBXFileReference; lastKnownFileType = sourcecode.swift; path = ViewController.swift; sourceTree = "<group>"; };
		CC0E49A11CA544F600701D7F /* Base */ = {isa = PBXFileReference; lastKnownFileType = file.storyboard; name = Base; path = Base.lproj/Main.storyboard; sourceTree = "<group>"; };
		CC0E49A61CA544F600701D7F /* Base */ = {isa = PBXFileReference; lastKnownFileType = file.storyboard; name = Base; path = Base.lproj/LaunchScreen.storyboard; sourceTree = "<group>"; };
		CC0E49A81CA544F600701D7F /* Info.plist */ = {isa = PBXFileReference; lastKnownFileType = text.plist.xml; path = Info.plist; sourceTree = "<group>"; };
		CC0E49AD1CA544F600701D7F /* CarouselExampleTests.xctest */ = {isa = PBXFileReference; explicitFileType = wrapper.cfbundle; includeInIndex = 0; path = CarouselExampleTests.xctest; sourceTree = BUILT_PRODUCTS_DIR; };
		CC0E49B11CA544F600701D7F /* CarouselExampleTests.swift */ = {isa = PBXFileReference; lastKnownFileType = sourcecode.swift; path = CarouselExampleTests.swift; sourceTree = "<group>"; };
		CC0E49B31CA544F600701D7F /* Info.plist */ = {isa = PBXFileReference; lastKnownFileType = text.plist.xml; path = Info.plist; sourceTree = "<group>"; };
		CC0E49B81CA544F600701D7F /* CarouselExampleUITests.xctest */ = {isa = PBXFileReference; explicitFileType = wrapper.cfbundle; includeInIndex = 0; path = CarouselExampleUITests.xctest; sourceTree = BUILT_PRODUCTS_DIR; };
		CC0E49BC1CA544F600701D7F /* CarouselExampleUITests.swift */ = {isa = PBXFileReference; lastKnownFileType = sourcecode.swift; path = CarouselExampleUITests.swift; sourceTree = "<group>"; };
		CC0E49BE1CA544F600701D7F /* Info.plist */ = {isa = PBXFileReference; lastKnownFileType = text.plist.xml; path = Info.plist; sourceTree = "<group>"; };
		CC0E49CF1CA5465400701D7F /* Carousel.framework */ = {isa = PBXFileReference; lastKnownFileType = wrapper.framework; name = Carousel.framework; path = /Users/youyue/Documents/CarouselViewController/CarouselExample/CarouselExample/Carousel.framework; sourceTree = "<absolute>"; };
		CCBA85381CA57DDC004291AB /* Assets.xcassets */ = {isa = PBXFileReference; lastKnownFileType = folder.assetcatalog; path = Assets.xcassets; sourceTree = "<group>"; };
		CCBA853C1CA57F58004291AB /* Carousel.framework */ = {isa = PBXFileReference; lastKnownFileType = wrapper.framework; path = Carousel.framework; sourceTree = "<group>"; };
/* End PBXFileReference section */

/* Begin PBXFrameworksBuildPhase section */
		CC0E49961CA544F600701D7F /* Frameworks */ = {
			isa = PBXFrameworksBuildPhase;
			buildActionMask = 2147483647;
			files = (
				CCBA853D1CA57F58004291AB /* Carousel.framework in Frameworks */,
				CC0E49D11CA5465900701D7F /* Carousel.framework in Frameworks */,
			);
			runOnlyForDeploymentPostprocessing = 0;
		};
		CC0E49AA1CA544F600701D7F /* Frameworks */ = {
			isa = PBXFrameworksBuildPhase;
			buildActionMask = 2147483647;
			files = (
			);
			runOnlyForDeploymentPostprocessing = 0;
		};
		CC0E49B51CA544F600701D7F /* Frameworks */ = {
			isa = PBXFrameworksBuildPhase;
			buildActionMask = 2147483647;
			files = (
			);
			runOnlyForDeploymentPostprocessing = 0;
		};
/* End PBXFrameworksBuildPhase section */

/* Begin PBXGroup section */
		CC0E49901CA544F600701D7F = {
			isa = PBXGroup;
			children = (
				CC0E499B1CA544F600701D7F /* CarouselExample */,
				CC0E49B01CA544F600701D7F /* CarouselExampleTests */,
				CC0E49BB1CA544F600701D7F /* CarouselExampleUITests */,
				CC0E499A1CA544F600701D7F /* Products */,
			);
			sourceTree = "<group>";
		};
		CC0E499A1CA544F600701D7F /* Products */ = {
			isa = PBXGroup;
			children = (
				CC0E49991CA544F600701D7F /* CarouselExample.app */,
				CC0E49AD1CA544F600701D7F /* CarouselExampleTests.xctest */,
				CC0E49B81CA544F600701D7F /* CarouselExampleUITests.xctest */,
			);
			name = Products;
			sourceTree = "<group>";
		};
		CC0E499B1CA544F600701D7F /* CarouselExample */ = {
			isa = PBXGroup;
			children = (
				CCBA853C1CA57F58004291AB /* Carousel.framework */,
				CCBA85381CA57DDC004291AB /* Assets.xcassets */,
				CC0E499C1CA544F600701D7F /* AppDelegate.swift */,
				CC0E499E1CA544F600701D7F /* ViewController.swift */,
				CC0E49A01CA544F600701D7F /* Main.storyboard */,
				CC0E49A51CA544F600701D7F /* LaunchScreen.storyboard */,
				CC0E49A81CA544F600701D7F /* Info.plist */,
			);
			path = CarouselExample;
			sourceTree = "<group>";
		};
		CC0E49B01CA544F600701D7F /* CarouselExampleTests */ = {
			isa = PBXGroup;
			children = (
				CC0E49B11CA544F600701D7F /* CarouselExampleTests.swift */,
				CC0E49B31CA544F600701D7F /* Info.plist */,
			);
			path = CarouselExampleTests;
			sourceTree = "<group>";
		};
		CC0E49BB1CA544F600701D7F /* CarouselExampleUITests */ = {
			isa = PBXGroup;
			children = (
				CC0E49BC1CA544F600701D7F /* CarouselExampleUITests.swift */,
				CC0E49BE1CA544F600701D7F /* Info.plist */,
			);
			path = CarouselExampleUITests;
			sourceTree = "<group>";
		};
/* End PBXGroup section */

/* Begin PBXNativeTarget section */
		CC0E49981CA544F600701D7F /* CarouselExample */ = {
			isa = PBXNativeTarget;
			buildConfigurationList = CC0E49C11CA544F600701D7F /* Build configuration list for PBXNativeTarget "CarouselExample" */;
			buildPhases = (
				CC0E49951CA544F600701D7F /* Sources */,
				CC0E49961CA544F600701D7F /* Frameworks */,
				CC0E49971CA544F600701D7F /* Resources */,
				CC0E49D31CA5465900701D7F /* Embed Frameworks */,
			);
			buildRules = (
			);
			dependencies = (
			);
			name = CarouselExample;
			productName = CarouselExample;
			productReference = CC0E49991CA544F600701D7F /* CarouselExample.app */;
			productType = "com.apple.product-type.application";
		};
		CC0E49AC1CA544F600701D7F /* CarouselExampleTests */ = {
			isa = PBXNativeTarget;
			buildConfigurationList = CC0E49C41CA544F600701D7F /* Build configuration list for PBXNativeTarget "CarouselExampleTests" */;
			buildPhases = (
				CC0E49A91CA544F600701D7F /* Sources */,
				CC0E49AA1CA544F600701D7F /* Frameworks */,
				CC0E49AB1CA544F600701D7F /* Resources */,
			);
			buildRules = (
			);
			dependencies = (
				CC0E49AF1CA544F600701D7F /* PBXTargetDependency */,
			);
			name = CarouselExampleTests;
			productName = CarouselExampleTests;
			productReference = CC0E49AD1CA544F600701D7F /* CarouselExampleTests.xctest */;
			productType = "com.apple.product-type.bundle.unit-test";
		};
		CC0E49B71CA544F600701D7F /* CarouselExampleUITests */ = {
			isa = PBXNativeTarget;
			buildConfigurationList = CC0E49C71CA544F600701D7F /* Build configuration list for PBXNativeTarget "CarouselExampleUITests" */;
			buildPhases = (
				CC0E49B41CA544F600701D7F /* Sources */,
				CC0E49B51CA544F600701D7F /* Frameworks */,
				CC0E49B61CA544F600701D7F /* Resources */,
			);
			buildRules = (
			);
			dependencies = (
				CC0E49BA1CA544F600701D7F /* PBXTargetDependency */,
			);
			name = CarouselExampleUITests;
			productName = CarouselExampleUITests;
			productReference = CC0E49B81CA544F600701D7F /* CarouselExampleUITests.xctest */;
			productType = "com.apple.product-type.bundle.ui-testing";
		};
/* End PBXNativeTarget section */

/* Begin PBXProject section */
		CC0E49911CA544F600701D7F /* Project object */ = {
			isa = PBXProject;
			attributes = {
				LastSwiftUpdateCheck = 0730;
				LastUpgradeCheck = 0730;
				ORGANIZATIONNAME = youyue;
				TargetAttributes = {
					CC0E49981CA544F600701D7F = {
						CreatedOnToolsVersion = 7.3;
						DevelopmentTeam = 38AEBL9FLJ;
					};
					CC0E49AC1CA544F600701D7F = {
						CreatedOnToolsVersion = 7.3;
						DevelopmentTeam = 38AEBL9FLJ;
						TestTargetID = CC0E49981CA544F600701D7F;
					};
					CC0E49B71CA544F600701D7F = {
						CreatedOnToolsVersion = 7.3;
						DevelopmentTeam = 38AEBL9FLJ;
						TestTargetID = CC0E49981CA544F600701D7F;
					};
				};
			};
			buildConfigurationList = CC0E49941CA544F600701D7F /* Build configuration list for PBXProject "CarouselExample" */;
			compatibilityVersion = "Xcode 3.2";
			developmentRegion = English;
			hasScannedForEncodings = 0;
			knownRegions = (
				en,
				Base,
			);
			mainGroup = CC0E49901CA544F600701D7F;
			productRefGroup = CC0E499A1CA544F600701D7F /* Products */;
			projectDirPath = "";
			projectRoot = "";
			targets = (
				CC0E49981CA544F600701D7F /* CarouselExample */,
				CC0E49AC1CA544F600701D7F /* CarouselExampleTests */,
				CC0E49B71CA544F600701D7F /* CarouselExampleUITests */,
			);
		};
/* End PBXProject section */

/* Begin PBXResourcesBuildPhase section */
		CC0E49971CA544F600701D7F /* Resources */ = {
			isa = PBXResourcesBuildPhase;
			buildActionMask = 2147483647;
			files = (
				CC0E49A71CA544F600701D7F /* LaunchScreen.storyboard in Resources */,
				CCBA85391CA57DDC004291AB /* Assets.xcassets in Resources */,
				CC0E49A21CA544F600701D7F /* Main.storyboard in Resources */,
			);
			runOnlyForDeploymentPostprocessing = 0;
		};
		CC0E49AB1CA544F600701D7F /* Resources */ = {
			isa = PBXResourcesBuildPhase;
			buildActionMask = 2147483647;
			files = (
			);
			runOnlyForDeploymentPostprocessing = 0;
		};
		CC0E49B61CA544F600701D7F /* Resources */ = {
			isa = PBXResourcesBuildPhase;
			buildActionMask = 2147483647;
			files = (
			);
			runOnlyForDeploymentPostprocessing = 0;
		};
/* End PBXResourcesBuildPhase section */

/* Begin PBXSourcesBuildPhase section */
		CC0E49951CA544F600701D7F /* Sources */ = {
			isa = PBXSourcesBuildPhase;
			buildActionMask = 2147483647;
			files = (
				CC0E499F1CA544F600701D7F /* ViewController.swift in Sources */,
				CC0E499D1CA544F600701D7F /* AppDelegate.swift in Sources */,
			);
			runOnlyForDeploymentPostprocessing = 0;
		};
		CC0E49A91CA544F600701D7F /* Sources */ = {
			isa = PBXSourcesBuildPhase;
			buildActionMask = 2147483647;
			files = (
				CC0E49B21CA544F600701D7F /* CarouselExampleTests.swift in Sources */,
			);
			runOnlyForDeploymentPostprocessing = 0;
		};
		CC0E49B41CA544F600701D7F /* Sources */ = {
			isa = PBXSourcesBuildPhase;
			buildActionMask = 2147483647;
			files = (
				CC0E49BD1CA544F600701D7F /* CarouselExampleUITests.swift in Sources */,
			);
			runOnlyForDeploymentPostprocessing = 0;
		};
/* End PBXSourcesBuildPhase section */

/* Begin PBXTargetDependency section */
		CC0E49AF1CA544F600701D7F /* PBXTargetDependency */ = {
			isa = PBXTargetDependency;
			target = CC0E49981CA544F600701D7F /* CarouselExample */;
			targetProxy = CC0E49AE1CA544F600701D7F /* PBXContainerItemProxy */;
		};
		CC0E49BA1CA544F600701D7F /* PBXTargetDependency */ = {
			isa = PBXTargetDependency;
			target = CC0E49981CA544F600701D7F /* CarouselExample */;
			targetProxy = CC0E49B91CA544F600701D7F /* PBXContainerItemProxy */;
		};
/* End PBXTargetDependency section */

/* Begin PBXVariantGroup section */
		CC0E49A01CA544F600701D7F /* Main.storyboard */ = {
			isa = PBXVariantGroup;
			children = (
				CC0E49A11CA544F600701D7F /* Base */,
			);
			name = Main.storyboard;
			sourceTree = "<group>";
		};
		CC0E49A51CA544F600701D7F /* LaunchScreen.storyboard */ = {
			isa = PBXVariantGroup;
			children = (
				CC0E49A61CA544F600701D7F /* Base */,
			);
			name = LaunchScreen.storyboard;
			sourceTree = "<group>";
		};
/* End PBXVariantGroup section */

/* Begin XCBuildConfiguration section */
		CC0E49BF1CA544F600701D7F /* Debug */ = {
			isa = XCBuildConfiguration;
			buildSettings = {
				ALWAYS_SEARCH_USER_PATHS = NO;
				CLANG_ANALYZER_NONNULL = YES;
				CLANG_CXX_LANGUAGE_STANDARD = "gnu++0x";
				CLANG_CXX_LIBRARY = "libc++";
				CLANG_ENABLE_MODULES = YES;
				CLANG_ENABLE_OBJC_ARC = YES;
				CLANG_WARN_BOOL_CONVERSION = YES;
				CLANG_WARN_CONSTANT_CONVERSION = YES;
				CLANG_WARN_DIRECT_OBJC_ISA_USAGE = YES_ERROR;
				CLANG_WARN_EMPTY_BODY = YES;
				CLANG_WARN_ENUM_CONVERSION = YES;
				CLANG_WARN_INT_CONVERSION = YES;
				CLANG_WARN_OBJC_ROOT_CLASS = YES_ERROR;
				CLANG_WARN_UNREACHABLE_CODE = YES;
				CLANG_WARN__DUPLICATE_METHOD_MATCH = YES;
				"CODE_SIGN_IDENTITY[sdk=iphoneos*]" = "iPhone Developer";
				COPY_PHASE_STRIP = NO;
				DEBUG_INFORMATION_FORMAT = dwarf;
				ENABLE_STRICT_OBJC_MSGSEND = YES;
				ENABLE_TESTABILITY = YES;
				GCC_C_LANGUAGE_STANDARD = gnu99;
				GCC_DYNAMIC_NO_PIC = NO;
				GCC_NO_COMMON_BLOCKS = YES;
				GCC_OPTIMIZATION_LEVEL = 0;
				GCC_PREPROCESSOR_DEFINITIONS = (
					"DEBUG=1",
					"$(inherited)",
				);
				GCC_WARN_64_TO_32_BIT_CONVERSION = YES;
				GCC_WARN_ABOUT_RETURN_TYPE = YES_ERROR;
				GCC_WARN_UNDECLARED_SELECTOR = YES;
				GCC_WARN_UNINITIALIZED_AUTOS = YES_AGGRESSIVE;
				GCC_WARN_UNUSED_FUNCTION = YES;
				GCC_WARN_UNUSED_VARIABLE = YES;
				IPHONEOS_DEPLOYMENT_TARGET = 9.3;
				MTL_ENABLE_DEBUG_INFO = YES;
				ONLY_ACTIVE_ARCH = YES;
				SDKROOT = iphoneos;
				SWIFT_OPTIMIZATION_LEVEL = "-Onone";
				TARGETED_DEVICE_FAMILY = "1,2";
			};
			name = Debug;
		};
		CC0E49C01CA544F600701D7F /* Release */ = {
			isa = XCBuildConfiguration;
			buildSettings = {
				ALWAYS_SEARCH_USER_PATHS = NO;
				CLANG_ANALYZER_NONNULL = YES;
				CLANG_CXX_LANGUAGE_STANDARD = "gnu++0x";
				CLANG_CXX_LIBRARY = "libc++";
				CLANG_ENABLE_MODULES = YES;
				CLANG_ENABLE_OBJC_ARC = YES;
				CLANG_WARN_BOOL_CONVERSION = YES;
				CLANG_WARN_CONSTANT_CONVERSION = YES;
				CLANG_WARN_DIRECT_OBJC_ISA_USAGE = YES_ERROR;
				CLANG_WARN_EMPTY_BODY = YES;
				CLANG_WARN_ENUM_CONVERSION = YES;
				CLANG_WARN_INT_CONVERSION = YES;
				CLANG_WARN_OBJC_ROOT_CLASS = YES_ERROR;
				CLANG_WARN_UNREACHABLE_CODE = YES;
				CLANG_WARN__DUPLICATE_METHOD_MATCH = YES;
				"CODE_SIGN_IDENTITY[sdk=iphoneos*]" = "iPhone Developer";
				COPY_PHASE_STRIP = NO;
				DEBUG_INFORMATION_FORMAT = "dwarf-with-dsym";
				ENABLE_NS_ASSERTIONS = NO;
				ENABLE_STRICT_OBJC_MSGSEND = YES;
				GCC_C_LANGUAGE_STANDARD = gnu99;
				GCC_NO_COMMON_BLOCKS = YES;
				GCC_WARN_64_TO_32_BIT_CONVERSION = YES;
				GCC_WARN_ABOUT_RETURN_TYPE = YES_ERROR;
				GCC_WARN_UNDECLARED_SELECTOR = YES;
				GCC_WARN_UNINITIALIZED_AUTOS = YES_AGGRESSIVE;
				GCC_WARN_UNUSED_FUNCTION = YES;
				GCC_WARN_UNUSED_VARIABLE = YES;
				IPHONEOS_DEPLOYMENT_TARGET = 9.3;
				MTL_ENABLE_DEBUG_INFO = NO;
				SDKROOT = iphoneos;
				TARGETED_DEVICE_FAMILY = "1,2";
				VALIDATE_PRODUCT = YES;
			};
			name = Release;
		};
		CC0E49C21CA544F600701D7F /* Debug */ = {
			isa = XCBuildConfiguration;
			buildSettings = {
				ASSETCATALOG_COMPILER_APPICON_NAME = AppIcon;
				FRAMEWORK_SEARCH_PATHS = (
					"$(inherited)",
					"$(PROJECT_DIR)/CarouselExample",
				);
				INFOPLIST_FILE = CarouselExample/Info.plist;
				LD_RUNPATH_SEARCH_PATHS = "$(inherited) @executable_path/Frameworks";
				PRODUCT_BUNDLE_IDENTIFIER = com.youyue.CarouselExample;
				PRODUCT_NAME = "$(TARGET_NAME)";
			};
			name = Debug;
		};
		CC0E49C31CA544F600701D7F /* Release */ = {
			isa = XCBuildConfiguration;
			buildSettings = {
				ASSETCATALOG_COMPILER_APPICON_NAME = AppIcon;
				FRAMEWORK_SEARCH_PATHS = (
					"$(inherited)",
					"$(PROJECT_DIR)/CarouselExample",
				);
				INFOPLIST_FILE = CarouselExample/Info.plist;
				LD_RUNPATH_SEARCH_PATHS = "$(inherited) @executable_path/Frameworks";
				PRODUCT_BUNDLE_IDENTIFIER = com.youyue.CarouselExample;
				PRODUCT_NAME = "$(TARGET_NAME)";
			};
			name = Release;
		};
		CC0E49C51CA544F600701D7F /* Debug */ = {
			isa = XCBuildConfiguration;
			buildSettings = {
				BUNDLE_LOADER = "$(TEST_HOST)";
				INFOPLIST_FILE = CarouselExampleTests/Info.plist;
				LD_RUNPATH_SEARCH_PATHS = "$(inherited) @executable_path/Frameworks @loader_path/Frameworks";
				PRODUCT_BUNDLE_IDENTIFIER = com.youyue.CarouselExampleTests;
				PRODUCT_NAME = "$(TARGET_NAME)";
				TEST_HOST = "$(BUILT_PRODUCTS_DIR)/CarouselExample.app/CarouselExample";
			};
			name = Debug;
		};
		CC0E49C61CA544F600701D7F /* Release */ = {
			isa = XCBuildConfiguration;
			buildSettings = {
				BUNDLE_LOADER = "$(TEST_HOST)";
				INFOPLIST_FILE = CarouselExampleTests/Info.plist;
				LD_RUNPATH_SEARCH_PATHS = "$(inherited) @executable_path/Frameworks @loader_path/Frameworks";
				PRODUCT_BUNDLE_IDENTIFIER = com.youyue.CarouselExampleTests;
				PRODUCT_NAME = "$(TARGET_NAME)";
				TEST_HOST = "$(BUILT_PRODUCTS_DIR)/CarouselExample.app/CarouselExample";
			};
			name = Release;
		};
		CC0E49C81CA544F600701D7F /* Debug */ = {
			isa = XCBuildConfiguration;
			buildSettings = {
				INFOPLIST_FILE = CarouselExampleUITests/Info.plist;
				LD_RUNPATH_SEARCH_PATHS = "$(inherited) @executable_path/Frameworks @loader_path/Frameworks";
				PRODUCT_BUNDLE_IDENTIFIER = com.youyue.CarouselExampleUITests;
				PRODUCT_NAME = "$(TARGET_NAME)";
				TEST_TARGET_NAME = CarouselExample;
			};
			name = Debug;
		};
		CC0E49C91CA544F600701D7F /* Release */ = {
			isa = XCBuildConfiguration;
			buildSettings = {
				INFOPLIST_FILE = CarouselExampleUITests/Info.plist;
				LD_RUNPATH_SEARCH_PATHS = "$(inherited) @executable_path/Frameworks @loader_path/Frameworks";
				PRODUCT_BUNDLE_IDENTIFIER = com.youyue.CarouselExampleUITests;
				PRODUCT_NAME = "$(TARGET_NAME)";
				TEST_TARGET_NAME = CarouselExample;
			};
			name = Release;
		};
/* End XCBuildConfiguration section */

/* Begin XCConfigurationList section */
		CC0E49941CA544F600701D7F /* Build configuration list for PBXProject "CarouselExample" */ = {
			isa = XCConfigurationList;
			buildConfigurations = (
				CC0E49BF1CA544F600701D7F /* Debug */,
				CC0E49C01CA544F600701D7F /* Release */,
			);
			defaultConfigurationIsVisible = 0;
			defaultConfigurationName = Release;
		};
		CC0E49C11CA544F600701D7F /* Build configuration list for PBXNativeTarget "CarouselExample" */ = {
			isa = XCConfigurationList;
			buildConfigurations = (
				CC0E49C21CA544F600701D7F /* Debug */,
				CC0E49C31CA544F600701D7F /* Release */,
			);
			defaultConfigurationIsVisible = 0;
			defaultConfigurationName = Release;
		};
		CC0E49C41CA544F600701D7F /* Build configuration list for PBXNativeTarget "CarouselExampleTests" */ = {
			isa = XCConfigurationList;
			buildConfigurations = (
				CC0E49C51CA544F600701D7F /* Debug */,
				CC0E49C61CA544F600701D7F /* Release */,
			);
			defaultConfigurationIsVisible = 0;
			defaultConfigurationName = Release;
		};
		CC0E49C71CA544F600701D7F /* Build configuration list for PBXNativeTarget "CarouselExampleUITests" */ = {
			isa = XCConfigurationList;
			buildConfigurations = (
				CC0E49C81CA544F600701D7F /* Debug */,
				CC0E49C91CA544F600701D7F /* Release */,
			);
			defaultConfigurationIsVisible = 0;
			defaultConfigurationName = Release;
		};
/* End XCConfigurationList section */
	};
	rootObject = CC0E49911CA544F600701D7F /* Project object */;
}
