// !$*UTF8*$!
{
	archiveVersion = 1;
	classes = {
	};
	objectVersion = 46;
	objects = {

/* Begin PBXBuildFile section */
		CC8A55321CA8CC3B00A2A64B /* AppDelegate.swift in Sources */ = {isa = PBXBuildFile; fileRef = CC8A55311CA8CC3B00A2A64B /* AppDelegate.swift */; };
		CC8A55341CA8CC3B00A2A64B /* ViewController.swift in Sources */ = {isa = PBXBuildFile; fileRef = CC8A55331CA8CC3B00A2A64B /* ViewController.swift */; };
		CC8A55371CA8CC3B00A2A64B /* Main.storyboard in Resources */ = {isa = PBXBuildFile; fileRef = CC8A55351CA8CC3B00A2A64B /* Main.storyboard */; };
		CC8A55391CA8CC3B00A2A64B /* Assets.xcassets in Resources */ = {isa = PBXBuildFile; fileRef = CC8A55381CA8CC3B00A2A64B /* Assets.xcassets */; };
		CC8A553C1CA8CC3C00A2A64B /* LaunchScreen.storyboard in Resources */ = {isa = PBXBuildFile; fileRef = CC8A553A1CA8CC3C00A2A64B /* LaunchScreen.storyboard */; };
		CC8A55471CA8CC3C00A2A64B /* SwiftSignatureTests.swift in Sources */ = {isa = PBXBuildFile; fileRef = CC8A55461CA8CC3C00A2A64B /* SwiftSignatureTests.swift */; };
		CC8A55521CA8CC3C00A2A64B /* SwiftSignatureUITests.swift in Sources */ = {isa = PBXBuildFile; fileRef = CC8A55511CA8CC3C00A2A64B /* SwiftSignatureUITests.swift */; };
		CC8A55601CA8CC4D00A2A64B /* Line.swift in Sources */ = {isa = PBXBuildFile; fileRef = CC8A555F1CA8CC4D00A2A64B /* Line.swift */; };
		CC8A55621CA8CD2500A2A64B /* DrawView.swift in Sources */ = {isa = PBXBuildFile; fileRef = CC8A55611CA8CD2500A2A64B /* DrawView.swift */; };
/* End PBXBuildFile section */

/* Begin PBXContainerItemProxy section */
		CC8A55431CA8CC3C00A2A64B /* PBXContainerItemProxy */ = {
			isa = PBXContainerItemProxy;
			containerPortal = CC8A55261CA8CC3B00A2A64B /* Project object */;
			proxyType = 1;
			remoteGlobalIDString = CC8A552D1CA8CC3B00A2A64B;
			remoteInfo = SwiftSignature;
		};
		CC8A554E1CA8CC3C00A2A64B /* PBXContainerItemProxy */ = {
			isa = PBXContainerItemProxy;
			containerPortal = CC8A55261CA8CC3B00A2A64B /* Project object */;
			proxyType = 1;
			remoteGlobalIDString = CC8A552D1CA8CC3B00A2A64B;
			remoteInfo = SwiftSignature;
		};
/* End PBXContainerItemProxy section */

/* Begin PBXFileReference section */
		CC8A552E1CA8CC3B00A2A64B /* SwiftSignature.app */ = {isa = PBXFileReference; explicitFileType = wrapper.application; includeInIndex = 0; path = SwiftSignature.app; sourceTree = BUILT_PRODUCTS_DIR; };
		CC8A55311CA8CC3B00A2A64B /* AppDelegate.swift */ = {isa = PBXFileReference; lastKnownFileType = sourcecode.swift; path = AppDelegate.swift; sourceTree = "<group>"; };
		CC8A55331CA8CC3B00A2A64B /* ViewController.swift */ = {isa = PBXFileReference; lastKnownFileType = sourcecode.swift; path = ViewController.swift; sourceTree = "<group>"; };
		CC8A55361CA8CC3B00A2A64B /* Base */ = {isa = PBXFileReference; lastKnownFileType = file.storyboard; name = Base; path = Base.lproj/Main.storyboard; sourceTree = "<group>"; };
		CC8A55381CA8CC3B00A2A64B /* Assets.xcassets */ = {isa = PBXFileReference; lastKnownFileType = folder.assetcatalog; path = Assets.xcassets; sourceTree = "<group>"; };
		CC8A553B1CA8CC3C00A2A64B /* Base */ = {isa = PBXFileReference; lastKnownFileType = file.storyboard; name = Base; path = Base.lproj/LaunchScreen.storyboard; sourceTree = "<group>"; };
		CC8A553D1CA8CC3C00A2A64B /* Info.plist */ = {isa = PBXFileReference; lastKnownFileType = text.plist.xml; path = Info.plist; sourceTree = "<group>"; };
		CC8A55421CA8CC3C00A2A64B /* SwiftSignatureTests.xctest */ = {isa = PBXFileReference; explicitFileType = wrapper.cfbundle; includeInIndex = 0; path = SwiftSignatureTests.xctest; sourceTree = BUILT_PRODUCTS_DIR; };
		CC8A55461CA8CC3C00A2A64B /* SwiftSignatureTests.swift */ = {isa = PBXFileReference; lastKnownFileType = sourcecode.swift; path = SwiftSignatureTests.swift; sourceTree = "<group>"; };
		CC8A55481CA8CC3C00A2A64B /* Info.plist */ = {isa = PBXFileReference; lastKnownFileType = text.plist.xml; path = Info.plist; sourceTree = "<group>"; };
		CC8A554D1CA8CC3C00A2A64B /* SwiftSignatureUITests.xctest */ = {isa = PBXFileReference; explicitFileType = wrapper.cfbundle; includeInIndex = 0; path = SwiftSignatureUITests.xctest; sourceTree = BUILT_PRODUCTS_DIR; };
		CC8A55511CA8CC3C00A2A64B /* SwiftSignatureUITests.swift */ = {isa = PBXFileReference; lastKnownFileType = sourcecode.swift; path = SwiftSignatureUITests.swift; sourceTree = "<group>"; };
		CC8A55531CA8CC3C00A2A64B /* Info.plist */ = {isa = PBXFileReference; lastKnownFileType = text.plist.xml; path = Info.plist; sourceTree = "<group>"; };
		CC8A555F1CA8CC4D00A2A64B /* Line.swift */ = {isa = PBXFileReference; fileEncoding = 4; lastKnownFileType = sourcecode.swift; path = Line.swift; sourceTree = "<group>"; };
		CC8A55611CA8CD2500A2A64B /* DrawView.swift */ = {isa = PBXFileReference; fileEncoding = 4; lastKnownFileType = sourcecode.swift; path = DrawView.swift; sourceTree = "<group>"; };
/* End PBXFileReference section */

/* Begin PBXFrameworksBuildPhase section */
		CC8A552B1CA8CC3B00A2A64B /* Frameworks */ = {
			isa = PBXFrameworksBuildPhase;
			buildActionMask = 2147483647;
			files = (
			);
			runOnlyForDeploymentPostprocessing = 0;
		};
		CC8A553F1CA8CC3C00A2A64B /* Frameworks */ = {
			isa = PBXFrameworksBuildPhase;
			buildActionMask = 2147483647;
			files = (
			);
			runOnlyForDeploymentPostprocessing = 0;
		};
		CC8A554A1CA8CC3C00A2A64B /* Frameworks */ = {
			isa = PBXFrameworksBuildPhase;
			buildActionMask = 2147483647;
			files = (
			);
			runOnlyForDeploymentPostprocessing = 0;
		};
/* End PBXFrameworksBuildPhase section */

/* Begin PBXGroup section */
		CC8A55251CA8CC3B00A2A64B = {
			isa = PBXGroup;
			children = (
				CC8A55301CA8CC3B00A2A64B /* SwiftSignature */,
				CC8A55451CA8CC3C00A2A64B /* SwiftSignatureTests */,
				CC8A55501CA8CC3C00A2A64B /* SwiftSignatureUITests */,
				CC8A552F1CA8CC3B00A2A64B /* Products */,
			);
			sourceTree = "<group>";
		};
		CC8A552F1CA8CC3B00A2A64B /* Products */ = {
			isa = PBXGroup;
			children = (
				CC8A552E1CA8CC3B00A2A64B /* SwiftSignature.app */,
				CC8A55421CA8CC3C00A2A64B /* SwiftSignatureTests.xctest */,
				CC8A554D1CA8CC3C00A2A64B /* SwiftSignatureUITests.xctest */,
			);
			name = Products;
			sourceTree = "<group>";
		};
		CC8A55301CA8CC3B00A2A64B /* SwiftSignature */ = {
			isa = PBXGroup;
			children = (
				CC8A55311CA8CC3B00A2A64B /* AppDelegate.swift */,
				CC8A55331CA8CC3B00A2A64B /* ViewController.swift */,
				CC8A555F1CA8CC4D00A2A64B /* Line.swift */,
				CC8A55611CA8CD2500A2A64B /* DrawView.swift */,
				CC8A55351CA8CC3B00A2A64B /* Main.storyboard */,
				CC8A55381CA8CC3B00A2A64B /* Assets.xcassets */,
				CC8A553A1CA8CC3C00A2A64B /* LaunchScreen.storyboard */,
				CC8A553D1CA8CC3C00A2A64B /* Info.plist */,
			);
			path = SwiftSignature;
			sourceTree = "<group>";
		};
		CC8A55451CA8CC3C00A2A64B /* SwiftSignatureTests */ = {
			isa = PBXGroup;
			children = (
				CC8A55461CA8CC3C00A2A64B /* SwiftSignatureTests.swift */,
				CC8A55481CA8CC3C00A2A64B /* Info.plist */,
			);
			path = SwiftSignatureTests;
			sourceTree = "<group>";
		};
		CC8A55501CA8CC3C00A2A64B /* SwiftSignatureUITests */ = {
			isa = PBXGroup;
			children = (
				CC8A55511CA8CC3C00A2A64B /* SwiftSignatureUITests.swift */,
				CC8A55531CA8CC3C00A2A64B /* Info.plist */,
			);
			path = SwiftSignatureUITests;
			sourceTree = "<group>";
		};
/* End PBXGroup section */

/* Begin PBXNativeTarget section */
		CC8A552D1CA8CC3B00A2A64B /* SwiftSignature */ = {
			isa = PBXNativeTarget;
			buildConfigurationList = CC8A55561CA8CC3C00A2A64B /* Build configuration list for PBXNativeTarget "SwiftSignature" */;
			buildPhases = (
				CC8A552A1CA8CC3B00A2A64B /* Sources */,
				CC8A552B1CA8CC3B00A2A64B /* Frameworks */,
				CC8A552C1CA8CC3B00A2A64B /* Resources */,
			);
			buildRules = (
			);
			dependencies = (
			);
			name = SwiftSignature;
			productName = SwiftSignature;
			productReference = CC8A552E1CA8CC3B00A2A64B /* SwiftSignature.app */;
			productType = "com.apple.product-type.application";
		};
		CC8A55411CA8CC3C00A2A64B /* SwiftSignatureTests */ = {
			isa = PBXNativeTarget;
			buildConfigurationList = CC8A55591CA8CC3C00A2A64B /* Build configuration list for PBXNativeTarget "SwiftSignatureTests" */;
			buildPhases = (
				CC8A553E1CA8CC3C00A2A64B /* Sources */,
				CC8A553F1CA8CC3C00A2A64B /* Frameworks */,
				CC8A55401CA8CC3C00A2A64B /* Resources */,
			);
			buildRules = (
			);
			dependencies = (
				CC8A55441CA8CC3C00A2A64B /* PBXTargetDependency */,
			);
			name = SwiftSignatureTests;
			productName = SwiftSignatureTests;
			productReference = CC8A55421CA8CC3C00A2A64B /* SwiftSignatureTests.xctest */;
			productType = "com.apple.product-type.bundle.unit-test";
		};
		CC8A554C1CA8CC3C00A2A64B /* SwiftSignatureUITests */ = {
			isa = PBXNativeTarget;
			buildConfigurationList = CC8A555C1CA8CC3C00A2A64B /* Build configuration list for PBXNativeTarget "SwiftSignatureUITests" */;
			buildPhases = (
				CC8A55491CA8CC3C00A2A64B /* Sources */,
				CC8A554A1CA8CC3C00A2A64B /* Frameworks */,
				CC8A554B1CA8CC3C00A2A64B /* Resources */,
			);
			buildRules = (
			);
			dependencies = (
				CC8A554F1CA8CC3C00A2A64B /* PBXTargetDependency */,
			);
			name = SwiftSignatureUITests;
			productName = SwiftSignatureUITests;
			productReference = CC8A554D1CA8CC3C00A2A64B /* SwiftSignatureUITests.xctest */;
			productType = "com.apple.product-type.bundle.ui-testing";
		};
/* End PBXNativeTarget section */

/* Begin PBXProject section */
		CC8A55261CA8CC3B00A2A64B /* Project object */ = {
			isa = PBXProject;
			attributes = {
				LastSwiftUpdateCheck = 0730;
				LastUpgradeCheck = 0730;
				ORGANIZATIONNAME = youyue;
				TargetAttributes = {
					CC8A552D1CA8CC3B00A2A64B = {
						CreatedOnToolsVersion = 7.3;
						DevelopmentTeam = 38AEBL9FLJ;
					};
					CC8A55411CA8CC3C00A2A64B = {
						CreatedOnToolsVersion = 7.3;
						DevelopmentTeam = 38AEBL9FLJ;
						TestTargetID = CC8A552D1CA8CC3B00A2A64B;
					};
					CC8A554C1CA8CC3C00A2A64B = {
						CreatedOnToolsVersion = 7.3;
						DevelopmentTeam = 38AEBL9FLJ;
						TestTargetID = CC8A552D1CA8CC3B00A2A64B;
					};
				};
			};
			buildConfigurationList = CC8A55291CA8CC3B00A2A64B /* Build configuration list for PBXProject "SwiftSignature" */;
			compatibilityVersion = "Xcode 3.2";
			developmentRegion = English;
			hasScannedForEncodings = 0;
			knownRegions = (
				en,
				Base,
			);
			mainGroup = CC8A55251CA8CC3B00A2A64B;
			productRefGroup = CC8A552F1CA8CC3B00A2A64B /* Products */;
			projectDirPath = "";
			projectRoot = "";
			targets = (
				CC8A552D1CA8CC3B00A2A64B /* SwiftSignature */,
				CC8A55411CA8CC3C00A2A64B /* SwiftSignatureTests */,
				CC8A554C1CA8CC3C00A2A64B /* SwiftSignatureUITests */,
			);
		};
/* End PBXProject section */

/* Begin PBXResourcesBuildPhase section */
		CC8A552C1CA8CC3B00A2A64B /* Resources */ = {
			isa = PBXResourcesBuildPhase;
			buildActionMask = 2147483647;
			files = (
				CC8A553C1CA8CC3C00A2A64B /* LaunchScreen.storyboard in Resources */,
				CC8A55391CA8CC3B00A2A64B /* Assets.xcassets in Resources */,
				CC8A55371CA8CC3B00A2A64B /* Main.storyboard in Resources */,
			);
			runOnlyForDeploymentPostprocessing = 0;
		};
		CC8A55401CA8CC3C00A2A64B /* Resources */ = {
			isa = PBXResourcesBuildPhase;
			buildActionMask = 2147483647;
			files = (
			);
			runOnlyForDeploymentPostprocessing = 0;
		};
		CC8A554B1CA8CC3C00A2A64B /* Resources */ = {
			isa = PBXResourcesBuildPhase;
			buildActionMask = 2147483647;
			files = (
			);
			runOnlyForDeploymentPostprocessing = 0;
		};
/* End PBXResourcesBuildPhase section */

/* Begin PBXSourcesBuildPhase section */
		CC8A552A1CA8CC3B00A2A64B /* Sources */ = {
			isa = PBXSourcesBuildPhase;
			buildActionMask = 2147483647;
			files = (
				CC8A55601CA8CC4D00A2A64B /* Line.swift in Sources */,
				CC8A55341CA8CC3B00A2A64B /* ViewController.swift in Sources */,
				CC8A55621CA8CD2500A2A64B /* DrawView.swift in Sources */,
				CC8A55321CA8CC3B00A2A64B /* AppDelegate.swift in Sources */,
			);
			runOnlyForDeploymentPostprocessing = 0;
		};
		CC8A553E1CA8CC3C00A2A64B /* Sources */ = {
			isa = PBXSourcesBuildPhase;
			buildActionMask = 2147483647;
			files = (
				CC8A55471CA8CC3C00A2A64B /* SwiftSignatureTests.swift in Sources */,
			);
			runOnlyForDeploymentPostprocessing = 0;
		};
		CC8A55491CA8CC3C00A2A64B /* Sources */ = {
			isa = PBXSourcesBuildPhase;
			buildActionMask = 2147483647;
			files = (
				CC8A55521CA8CC3C00A2A64B /* SwiftSignatureUITests.swift in Sources */,
			);
			runOnlyForDeploymentPostprocessing = 0;
		};
/* End PBXSourcesBuildPhase section */

/* Begin PBXTargetDependency section */
		CC8A55441CA8CC3C00A2A64B /* PBXTargetDependency */ = {
			isa = PBXTargetDependency;
			target = CC8A552D1CA8CC3B00A2A64B /* SwiftSignature */;
			targetProxy = CC8A55431CA8CC3C00A2A64B /* PBXContainerItemProxy */;
		};
		CC8A554F1CA8CC3C00A2A64B /* PBXTargetDependency */ = {
			isa = PBXTargetDependency;
			target = CC8A552D1CA8CC3B00A2A64B /* SwiftSignature */;
			targetProxy = CC8A554E1CA8CC3C00A2A64B /* PBXContainerItemProxy */;
		};
/* End PBXTargetDependency section */

/* Begin PBXVariantGroup section */
		CC8A55351CA8CC3B00A2A64B /* Main.storyboard */ = {
			isa = PBXVariantGroup;
			children = (
				CC8A55361CA8CC3B00A2A64B /* Base */,
			);
			name = Main.storyboard;
			sourceTree = "<group>";
		};
		CC8A553A1CA8CC3C00A2A64B /* LaunchScreen.storyboard */ = {
			isa = PBXVariantGroup;
			children = (
				CC8A553B1CA8CC3C00A2A64B /* Base */,
			);
			name = LaunchScreen.storyboard;
			sourceTree = "<group>";
		};
/* End PBXVariantGroup section */

/* Begin XCBuildConfiguration section */
		CC8A55541CA8CC3C00A2A64B /* Debug */ = {
			isa = XCBuildConfiguration;
			buildSettings = {
				ALWAYS_SEARCH_USER_PATHS = NO;
				CLANG_ANALYZER_NONNULL = YES;
				CLANG_CXX_LANGUAGE_STANDARD = "gnu++0x";
				CLANG_CXX_LIBRARY = "libc++";
				CLANG_ENABLE_MODULES = YES;
				CLANG_ENABLE_OBJC_ARC = YES;
				CLANG_WARN_BOOL_CONVERSION = YES;
				CLANG_WARN_CONSTANT_CONVERSION = YES;
				CLANG_WARN_DIRECT_OBJC_ISA_USAGE = YES_ERROR;
				CLANG_WARN_EMPTY_BODY = YES;
				CLANG_WARN_ENUM_CONVERSION = YES;
				CLANG_WARN_INT_CONVERSION = YES;
				CLANG_WARN_OBJC_ROOT_CLASS = YES_ERROR;
				CLANG_WARN_UNREACHABLE_CODE = YES;
				CLANG_WARN__DUPLICATE_METHOD_MATCH = YES;
				"CODE_SIGN_IDENTITY[sdk=iphoneos*]" = "iPhone Developer";
				COPY_PHASE_STRIP = NO;
				DEBUG_INFORMATION_FORMAT = dwarf;
				ENABLE_STRICT_OBJC_MSGSEND = YES;
				ENABLE_TESTABILITY = YES;
				GCC_C_LANGUAGE_STANDARD = gnu99;
				GCC_DYNAMIC_NO_PIC = NO;
				GCC_NO_COMMON_BLOCKS = YES;
				GCC_OPTIMIZATION_LEVEL = 0;
				GCC_PREPROCESSOR_DEFINITIONS = (
					"DEBUG=1",
					"$(inherited)",
				);
				GCC_WARN_64_TO_32_BIT_CONVERSION = YES;
				GCC_WARN_ABOUT_RETURN_TYPE = YES_ERROR;
				GCC_WARN_UNDECLARED_SELECTOR = YES;
				GCC_WARN_UNINITIALIZED_AUTOS = YES_AGGRESSIVE;
				GCC_WARN_UNUSED_FUNCTION = YES;
				GCC_WARN_UNUSED_VARIABLE = YES;
				IPHONEOS_DEPLOYMENT_TARGET = 9.3;
				MTL_ENABLE_DEBUG_INFO = YES;
				ONLY_ACTIVE_ARCH = YES;
				SDKROOT = iphoneos;
				SWIFT_OPTIMIZATION_LEVEL = "-Onone";
				TARGETED_DEVICE_FAMILY = "1,2";
			};
			name = Debug;
		};
		CC8A55551CA8CC3C00A2A64B /* Release */ = {
			isa = XCBuildConfiguration;
			buildSettings = {
				ALWAYS_SEARCH_USER_PATHS = NO;
				CLANG_ANALYZER_NONNULL = YES;
				CLANG_CXX_LANGUAGE_STANDARD = "gnu++0x";
				CLANG_CXX_LIBRARY = "libc++";
				CLANG_ENABLE_MODULES = YES;
				CLANG_ENABLE_OBJC_ARC = YES;
				CLANG_WARN_BOOL_CONVERSION = YES;
				CLANG_WARN_CONSTANT_CONVERSION = YES;
				CLANG_WARN_DIRECT_OBJC_ISA_USAGE = YES_ERROR;
				CLANG_WARN_EMPTY_BODY = YES;
				CLANG_WARN_ENUM_CONVERSION = YES;
				CLANG_WARN_INT_CONVERSION = YES;
				CLANG_WARN_OBJC_ROOT_CLASS = YES_ERROR;
				CLANG_WARN_UNREACHABLE_CODE = YES;
				CLANG_WARN__DUPLICATE_METHOD_MATCH = YES;
				"CODE_SIGN_IDENTITY[sdk=iphoneos*]" = "iPhone Developer";
				COPY_PHASE_STRIP = NO;
				DEBUG_INFORMATION_FORMAT = "dwarf-with-dsym";
				ENABLE_NS_ASSERTIONS = NO;
				ENABLE_STRICT_OBJC_MSGSEND = YES;
				GCC_C_LANGUAGE_STANDARD = gnu99;
				GCC_NO_COMMON_BLOCKS = YES;
				GCC_WARN_64_TO_32_BIT_CONVERSION = YES;
				GCC_WARN_ABOUT_RETURN_TYPE = YES_ERROR;
				GCC_WARN_UNDECLARED_SELECTOR = YES;
				GCC_WARN_UNINITIALIZED_AUTOS = YES_AGGRESSIVE;
				GCC_WARN_UNUSED_FUNCTION = YES;
				GCC_WARN_UNUSED_VARIABLE = YES;
				IPHONEOS_DEPLOYMENT_TARGET = 9.3;
				MTL_ENABLE_DEBUG_INFO = NO;
				SDKROOT = iphoneos;
				TARGETED_DEVICE_FAMILY = "1,2";
				VALIDATE_PRODUCT = YES;
			};
			name = Release;
		};
		CC8A55571CA8CC3C00A2A64B /* Debug */ = {
			isa = XCBuildConfiguration;
			buildSettings = {
				ASSETCATALOG_COMPILER_APPICON_NAME = AppIcon;
				INFOPLIST_FILE = SwiftSignature/Info.plist;
				LD_RUNPATH_SEARCH_PATHS = "$(inherited) @executable_path/Frameworks";
				PRODUCT_BUNDLE_IDENTIFIER = com.youyue.SwiftSignature;
				PRODUCT_NAME = "$(TARGET_NAME)";
			};
			name = Debug;
		};
		CC8A55581CA8CC3C00A2A64B /* Release */ = {
			isa = XCBuildConfiguration;
			buildSettings = {
				ASSETCATALOG_COMPILER_APPICON_NAME = AppIcon;
				INFOPLIST_FILE = SwiftSignature/Info.plist;
				LD_RUNPATH_SEARCH_PATHS = "$(inherited) @executable_path/Frameworks";
				PRODUCT_BUNDLE_IDENTIFIER = com.youyue.SwiftSignature;
				PRODUCT_NAME = "$(TARGET_NAME)";
			};
			name = Release;
		};
		CC8A555A1CA8CC3C00A2A64B /* Debug */ = {
			isa = XCBuildConfiguration;
			buildSettings = {
				BUNDLE_LOADER = "$(TEST_HOST)";
				INFOPLIST_FILE = SwiftSignatureTests/Info.plist;
				LD_RUNPATH_SEARCH_PATHS = "$(inherited) @executable_path/Frameworks @loader_path/Frameworks";
				PRODUCT_BUNDLE_IDENTIFIER = com.youyue.SwiftSignatureTests;
				PRODUCT_NAME = "$(TARGET_NAME)";
				TEST_HOST = "$(BUILT_PRODUCTS_DIR)/SwiftSignature.app/SwiftSignature";
			};
			name = Debug;
		};
		CC8A555B1CA8CC3C00A2A64B /* Release */ = {
			isa = XCBuildConfiguration;
			buildSettings = {
				BUNDLE_LOADER = "$(TEST_HOST)";
				INFOPLIST_FILE = SwiftSignatureTests/Info.plist;
				LD_RUNPATH_SEARCH_PATHS = "$(inherited) @executable_path/Frameworks @loader_path/Frameworks";
				PRODUCT_BUNDLE_IDENTIFIER = com.youyue.SwiftSignatureTests;
				PRODUCT_NAME = "$(TARGET_NAME)";
				TEST_HOST = "$(BUILT_PRODUCTS_DIR)/SwiftSignature.app/SwiftSignature";
			};
			name = Release;
		};
		CC8A555D1CA8CC3C00A2A64B /* Debug */ = {
			isa = XCBuildConfiguration;
			buildSettings = {
				INFOPLIST_FILE = SwiftSignatureUITests/Info.plist;
				LD_RUNPATH_SEARCH_PATHS = "$(inherited) @executable_path/Frameworks @loader_path/Frameworks";
				PRODUCT_BUNDLE_IDENTIFIER = com.youyue.SwiftSignatureUITests;
				PRODUCT_NAME = "$(TARGET_NAME)";
				TEST_TARGET_NAME = SwiftSignature;
			};
			name = Debug;
		};
		CC8A555E1CA8CC3C00A2A64B /* Release */ = {
			isa = XCBuildConfiguration;
			buildSettings = {
				INFOPLIST_FILE = SwiftSignatureUITests/Info.plist;
				LD_RUNPATH_SEARCH_PATHS = "$(inherited) @executable_path/Frameworks @loader_path/Frameworks";
				PRODUCT_BUNDLE_IDENTIFIER = com.youyue.SwiftSignatureUITests;
				PRODUCT_NAME = "$(TARGET_NAME)";
				TEST_TARGET_NAME = SwiftSignature;
			};
			name = Release;
		};
/* End XCBuildConfiguration section */

/* Begin XCConfigurationList section */
		CC8A55291CA8CC3B00A2A64B /* Build configuration list for PBXProject "SwiftSignature" */ = {
			isa = XCConfigurationList;
			buildConfigurations = (
				CC8A55541CA8CC3C00A2A64B /* Debug */,
				CC8A55551CA8CC3C00A2A64B /* Release */,
			);
			defaultConfigurationIsVisible = 0;
			defaultConfigurationName = Release;
		};
		CC8A55561CA8CC3C00A2A64B /* Build configuration list for PBXNativeTarget "SwiftSignature" */ = {
			isa = XCConfigurationList;
			buildConfigurations = (
				CC8A55571CA8CC3C00A2A64B /* Debug */,
				CC8A55581CA8CC3C00A2A64B /* Release */,
			);
			defaultConfigurationIsVisible = 0;
		};
		CC8A55591CA8CC3C00A2A64B /* Build configuration list for PBXNativeTarget "SwiftSignatureTests" */ = {
			isa = XCConfigurationList;
			buildConfigurations = (
				CC8A555A1CA8CC3C00A2A64B /* Debug */,
				CC8A555B1CA8CC3C00A2A64B /* Release */,
			);
			defaultConfigurationIsVisible = 0;
		};
		CC8A555C1CA8CC3C00A2A64B /* Build configuration list for PBXNativeTarget "SwiftSignatureUITests" */ = {
			isa = XCConfigurationList;
			buildConfigurations = (
				CC8A555D1CA8CC3C00A2A64B /* Debug */,
				CC8A555E1CA8CC3C00A2A64B /* Release */,
			);
			defaultConfigurationIsVisible = 0;
		};
/* End XCConfigurationList section */
	};
	rootObject = CC8A55261CA8CC3B00A2A64B /* Project object */;
}
